[[package]]
name = "numpy"
version = "0.2.0"
source = "registry+https://github.com/rust-lang/crates.io-index"

[[package]]
name = "siunits"
version = "0.0.4"
source = "registry+https://github.com/rust-lang/crates.io-index"

[[package]]
name = "fplot"
version = "0.0.0"

[[package]]
name = "ipython"
version = "0.0.0"

[[package]]
name = "matplotlib"
version = "0.0.0"

[[package]]
name = "matplotlib"
version = "0.0.0"

[[package]]
name = "ipython"
version = "0.0.0"

[[package]]
name = "black"
version = "0.0.0"

[[package]]
name = "ipython"
version = "0.0.0"

[[package]]
name = "ipython"
version = "0.0.0"

[[package]]
name = "si_units"
version = "0.0.0"

[[package]]
name = "ipython"
version = "0.0.0"

[[package]]
name = "ipython"
version = "0.0.0"

[[package]]
name = "black"
version = "0.0.0"

[[package]]
name = "black"
version = "0.0.0"

[[package]]
name = "ipython"
version = "0.0.0"

[[package]]
name = "ipython"
version = "0.0.0"

[[package]]
name = "siunits"
version = "0.0.0"

[[package]]
name = "siunits"
version = "0.0.0"

[[package]]
name = "ipython"
version = "0.0.0"

[[package]]
name = "numpy"
version = "0.0.0"

[[package]]
name = "black"
version = "0.0.0"

[[package]]
name = "ipython"
version = "0.0.0"

[[package]]
name = "ipython"
version = "0.0.0"

[[package]]
name = "black"
version = "0.0.0"

[[package]]
name = "black"
version = "0.0.0"

[[package]]
name = "ipython"
version = "0.0.0"

[[package]]
name = "ipython"
version = "0.0.0"

[[package]]
name = "fplot"
version = "0.0.0"
