[[package]]
name = "gunicorn"
version = "19.9.0"
source = "pypi+https://pypi.org/pypi/gunicorn/19.9.0/json"

[[package]]
name = "scinot"
version = "0.0.11"
source = "pypi+https://pypi.org/pypi/scinot/0.0.11/json"

[[package]]
name = "colorama"
version = "0.4.1"
source = "pypi+https://pypi.org/pypi/colorama/0.4.1/json"
